
Microsoft Visual Studio Solution File, Format Version 12.00
# Visual Studio Version 16
VisualStudioVersion = 16.0.28803.202
MinimumVisualStudioVersion = 10.0.40219.1
Project("{FAE04EC0-301F-11D3-BF4B-00C04F79EFBC}") = "telegramBot", "telegramBot\telegramBot.csproj", "{A3B05F31-2674-4310-B246-E0710428796D}"
EndProject
Global
	GlobalSection(SolutionConfigurationPlatforms) = preSolution
		Debug|Any CPU = Debug|Any CPU
		Release|Any CPU = Release|Any CPU
	EndGlobalSection
	GlobalSection(ProjectConfigurationPlatforms) = postSolution
		{A3B05F31-2674-4310-B246-E0710428796D}.Debug|Any CPU.ActiveCfg = Debug|Any CPU
		{A3B05F31-2674-4310-B246-E0710428796D}.Debug|Any CPU.Build.0 = Debug|Any CPU
		{A3B05F31-2674-4310-B246-E0710428796D}.Release|Any CPU.ActiveCfg = Release|Any CPU
		{A3B05F31-2674-4310-B246-E0710428796D}.Release|Any CPU.Build.0 = Release|Any CPU
	EndGlobalSection
	GlobalSection(SolutionProperties) = preSolution
		HideSolutionNode = FALSE
	EndGlobalSection
	GlobalSection(ExtensibilityGlobals) = postSolution
		SolutionGuid = {BA7E7A98-1609-49F5-89F9-8779813B1FD6}
	EndGlobalSection
EndGlobal
